{
  "version": 4,
  "terraform_version": "0.15.4",
  "serial": 53,
  "lineage": "3c604491-99e3-3e04-0896-7c9eeb5df958",
  "outputs": {
    "vm_dns": {
      "value": "http://13.64.244.239",
      "type": "string"
    },
    "vm_ip": {
      "value": "13.64.244.239",
      "type": "string"
    }
  },
  "resources": [
    {
      "mode": "managed",
      "type": "azurerm_linux_virtual_machine",
      "name": "mmpsserver",
      "provider": "provider[\"registry.terraform.io/hashicorp/azurerm\"]",
      "instances": [
        {
          "schema_version": 0,
          "attributes": {
            "additional_capabilities": [],
            "admin_password": null,
            "admin_ssh_key": [
              {
                "public_key": "ssh-rsa AAAAB3NzaC1yc2EAAAADAQABAAABAQCcPAHMbpbpFXlXDmW3UWUHFEFAAvWbckYkKyCp+VQbisHf4cFpwX10yI8kU8IEQp7RHK16GOrB0ALnXrAFIWXb840chGw8Cc7J+Xjl95TsOKPnmsjRrl7YL39ZWSdmO3tTSVEhhYsetxittoZQd7z6ZsM2Bne1hZYhtAatfFObdeOjSkbpFPruYr6UP1cPyvQNXhml9cjbCKvy09NvY3SEKMPPAXR1KINH+cJBx2FXpkueCMMXMXCh+F9ywjnTOgD1pViFnf5t/OkxxuqQkZv/YkGmMHzxqIKgw76uBd3Tq0H9yP2UUPfOrqXbLwioGDoX6boboAmzYdtEtv1PxFbF manuprasad@Tarvis-home\n",
                "username": "manuprasad"
              }
            ],
            "admin_username": "manuprasad",
            "allow_extension_operations": true,
            "availability_set_id": "",
            "boot_diagnostics": [],
            "computer_name": "mmpsserver1",
            "custom_data": null,
            "dedicated_host_id": "",
            "disable_password_authentication": true,
            "encryption_at_host_enabled": false,
            "eviction_policy": "",
            "extensions_time_budget": "PT1H30M",
            "id": "/subscriptions/d05aaa5d-9e84-43ee-b11b-6021ec34da87/resourceGroups/mmps_rs/providers/Microsoft.Compute/virtualMachines/mmpsserver1",
            "identity": [],
            "license_type": "",
            "location": "westus",
            "max_bid_price": -1,
            "name": "mmpsserver1",
            "network_interface_ids": [
              "/subscriptions/d05aaa5d-9e84-43ee-b11b-6021ec34da87/resourceGroups/mmps_rs/providers/Microsoft.Network/networkInterfaces/mmps_nic"
            ],
            "os_disk": [
              {
                "caching": "ReadWrite",
                "diff_disk_settings": [],
                "disk_encryption_set_id": "",
                "disk_size_gb": 30,
                "name": "mmpsserver1_OsDisk_1_ab1cb4accafd4b03be3a44f6d48a9b9c",
                "storage_account_type": "Standard_LRS",
                "write_accelerator_enabled": false
              }
            ],
            "plan": [],
            "platform_fault_domain": -1,
            "priority": "Regular",
            "private_ip_address": "10.0.1.4",
            "private_ip_addresses": [
              "10.0.1.4"
            ],
            "provision_vm_agent": true,
            "proximity_placement_group_id": "",
            "public_ip_address": "13.64.244.239",
            "public_ip_addresses": [
              "13.64.244.239"
            ],
            "resource_group_name": "mmps_rs",
            "secret": [],
            "size": "Standard_B1s",
            "source_image_id": "",
            "source_image_reference": [
              {
                "offer": "UbuntuServer",
                "publisher": "Canonical",
                "sku": "16.04-LTS",
                "version": "latest"
              }
            ],
            "tags": null,
            "timeouts": null,
            "virtual_machine_id": "6c816bed-1442-4db3-a759-6984a50b8171",
            "virtual_machine_scale_set_id": "",
            "zone": ""
          },
          "sensitive_attributes": [],
          "private": "eyJlMmJmYjczMC1lY2FhLTExZTYtOGY4OC0zNDM2M2JjN2M0YzAiOnsiY3JlYXRlIjoyNzAwMDAwMDAwMDAwLCJkZWxldGUiOjI3MDAwMDAwMDAwMDAsInJlYWQiOjMwMDAwMDAwMDAwMCwidXBkYXRlIjoyNzAwMDAwMDAwMDAwfX0=",
          "dependencies": [
            "azurerm_network_interface.mmps_nic",
            "azurerm_resource_group.mmps_rs"
          ]
        }
      ]
    },
    {
      "mode": "managed",
      "type": "azurerm_network_interface",
      "name": "mmps_nic",
      "provider": "provider[\"registry.terraform.io/hashicorp/azurerm\"]",
      "instances": [
        {
          "schema_version": 0,
          "attributes": {
            "applied_dns_servers": [],
            "dns_servers": [],
            "enable_accelerated_networking": false,
            "enable_ip_forwarding": false,
            "id": "/subscriptions/d05aaa5d-9e84-43ee-b11b-6021ec34da87/resourceGroups/mmps_rs/providers/Microsoft.Network/networkInterfaces/mmps_nic",
            "internal_dns_name_label": "",
            "internal_domain_name_suffix": "tqfnu4qhcvmuhoermm4jkqvmib.dx.internal.cloudapp.net",
            "ip_configuration": [
              {
                "name": "pub-nic",
                "primary": true,
                "private_ip_address": "10.0.1.4",
                "private_ip_address_allocation": "Dynamic",
                "private_ip_address_version": "IPv4",
                "public_ip_address_id": "/subscriptions/d05aaa5d-9e84-43ee-b11b-6021ec34da87/resourceGroups/mmps_rs/providers/Microsoft.Network/publicIPAddresses/mmps-pub",
                "subnet_id": "/subscriptions/d05aaa5d-9e84-43ee-b11b-6021ec34da87/resourceGroups/mmps_rs/providers/Microsoft.Network/virtualNetworks/mmps_net/subnets/mmps-sub"
              }
            ],
            "location": "westus",
            "mac_address": "00-22-48-09-26-46",
            "name": "mmps_nic",
            "private_ip_address": "10.0.1.4",
            "private_ip_addresses": [
              "10.0.1.4"
            ],
            "resource_group_name": "mmps_rs",
            "tags": {},
            "timeouts": null,
            "virtual_machine_id": "/subscriptions/d05aaa5d-9e84-43ee-b11b-6021ec34da87/resourceGroups/mmps_rs/providers/Microsoft.Compute/virtualMachines/mmpsserver1"
          },
          "sensitive_attributes": [],
          "private": "eyJlMmJmYjczMC1lY2FhLTExZTYtOGY4OC0zNDM2M2JjN2M0YzAiOnsiY3JlYXRlIjoxODAwMDAwMDAwMDAwLCJkZWxldGUiOjE4MDAwMDAwMDAwMDAsInJlYWQiOjMwMDAwMDAwMDAwMCwidXBkYXRlIjoxODAwMDAwMDAwMDAwfX0=",
          "dependencies": [
            "azurerm_virtual_network.mmps_net",
            "azurerm_public_ip.mmps_public",
            "azurerm_resource_group.mmps_rs",
            "azurerm_subnet.mmps_subnet"
          ]
        }
      ]
    },
    {
      "mode": "managed",
      "type": "azurerm_network_security_group",
      "name": "mmps_nsg",
      "provider": "provider[\"registry.terraform.io/hashicorp/azurerm\"]",
      "instances": [
        {
          "schema_version": 0,
          "attributes": {
            "id": "/subscriptions/d05aaa5d-9e84-43ee-b11b-6021ec34da87/resourceGroups/mmps_rs/providers/Microsoft.Network/networkSecurityGroups/mmps_seg",
            "location": "westus",
            "name": "mmps_seg",
            "resource_group_name": "mmps_rs",
            "security_rule": [
              {
                "access": "Allow",
                "description": "",
                "destination_address_prefix": "*",
                "destination_address_prefixes": [],
                "destination_application_security_group_ids": [],
                "destination_port_range": "22",
                "destination_port_ranges": [],
                "direction": "Inbound",
                "name": "ssh",
                "priority": 101,
                "protocol": "TCP",
                "source_address_prefix": "*",
                "source_address_prefixes": [],
                "source_application_security_group_ids": [],
                "source_port_range": "*",
                "source_port_ranges": []
              },
              {
                "access": "Allow",
                "description": "",
                "destination_address_prefix": "*",
                "destination_address_prefixes": [],
                "destination_application_security_group_ids": [],
                "destination_port_range": "80",
                "destination_port_ranges": [],
                "direction": "Inbound",
                "name": "HTTP",
                "priority": 100,
                "protocol": "TCP",
                "source_address_prefix": "*",
                "source_address_prefixes": [],
                "source_application_security_group_ids": [],
                "source_port_range": "*",
                "source_port_ranges": []
              }
            ],
            "tags": {},
            "timeouts": null
          },
          "sensitive_attributes": [],
          "private": "eyJlMmJmYjczMC1lY2FhLTExZTYtOGY4OC0zNDM2M2JjN2M0YzAiOnsiY3JlYXRlIjoxODAwMDAwMDAwMDAwLCJkZWxldGUiOjE4MDAwMDAwMDAwMDAsInJlYWQiOjMwMDAwMDAwMDAwMCwidXBkYXRlIjoxODAwMDAwMDAwMDAwfX0=",
          "dependencies": [
            "azurerm_resource_group.mmps_rs",
            "azurerm_virtual_network.mmps_net"
          ]
        }
      ]
    },
    {
      "mode": "managed",
      "type": "azurerm_public_ip",
      "name": "mmps_public",
      "provider": "provider[\"registry.terraform.io/hashicorp/azurerm\"]",
      "instances": [
        {
          "schema_version": 0,
          "attributes": {
            "allocation_method": "Dynamic",
            "domain_name_label": null,
            "fqdn": null,
            "id": "/subscriptions/d05aaa5d-9e84-43ee-b11b-6021ec34da87/resourceGroups/mmps_rs/providers/Microsoft.Network/publicIPAddresses/mmps-pub",
            "idle_timeout_in_minutes": 4,
            "ip_address": "13.87.184.62",
            "ip_tags": {},
            "ip_version": "IPv4",
            "location": "westus",
            "name": "mmps-pub",
            "public_ip_prefix_id": null,
            "resource_group_name": "mmps_rs",
            "reverse_fqdn": null,
            "sku": "Basic",
            "tags": {},
            "timeouts": null,
            "zones": []
          },
          "sensitive_attributes": [],
          "private": "eyJlMmJmYjczMC1lY2FhLTExZTYtOGY4OC0zNDM2M2JjN2M0YzAiOnsiY3JlYXRlIjoxODAwMDAwMDAwMDAwLCJkZWxldGUiOjE4MDAwMDAwMDAwMDAsInJlYWQiOjMwMDAwMDAwMDAwMCwidXBkYXRlIjoxODAwMDAwMDAwMDAwfX0=",
          "dependencies": [
            "azurerm_resource_group.mmps_rs"
          ]
        }
      ]
    },
    {
      "mode": "managed",
      "type": "azurerm_resource_group",
      "name": "mmps_rs",
      "provider": "provider[\"registry.terraform.io/hashicorp/azurerm\"]",
      "instances": [
        {
          "schema_version": 0,
          "attributes": {
            "id": "/subscriptions/d05aaa5d-9e84-43ee-b11b-6021ec34da87/resourceGroups/mmps_rs",
            "location": "westus",
            "name": "mmps_rs",
            "tags": {},
            "timeouts": null
          },
          "sensitive_attributes": [],
          "private": "eyJlMmJmYjczMC1lY2FhLTExZTYtOGY4OC0zNDM2M2JjN2M0YzAiOnsiY3JlYXRlIjo1NDAwMDAwMDAwMDAwLCJkZWxldGUiOjU0MDAwMDAwMDAwMDAsInJlYWQiOjMwMDAwMDAwMDAwMCwidXBkYXRlIjo1NDAwMDAwMDAwMDAwfX0="
        }
      ]
    },
    {
      "mode": "managed",
      "type": "azurerm_subnet",
      "name": "mmps_subnet",
      "provider": "provider[\"registry.terraform.io/hashicorp/azurerm\"]",
      "instances": [
        {
          "schema_version": 0,
          "attributes": {
            "address_prefix": "10.0.1.0/24",
            "address_prefixes": [
              "10.0.1.0/24"
            ],
            "delegation": [],
            "enforce_private_link_endpoint_network_policies": false,
            "enforce_private_link_service_network_policies": false,
            "id": "/subscriptions/d05aaa5d-9e84-43ee-b11b-6021ec34da87/resourceGroups/mmps_rs/providers/Microsoft.Network/virtualNetworks/mmps_net/subnets/mmps-sub",
            "name": "mmps-sub",
            "resource_group_name": "mmps_rs",
            "service_endpoint_policy_ids": [],
            "service_endpoints": [],
            "timeouts": null,
            "virtual_network_name": "mmps_net"
          },
          "sensitive_attributes": [],
          "private": "eyJlMmJmYjczMC1lY2FhLTExZTYtOGY4OC0zNDM2M2JjN2M0YzAiOnsiY3JlYXRlIjoxODAwMDAwMDAwMDAwLCJkZWxldGUiOjE4MDAwMDAwMDAwMDAsInJlYWQiOjMwMDAwMDAwMDAwMCwidXBkYXRlIjoxODAwMDAwMDAwMDAwfX0=",
          "dependencies": [
            "azurerm_resource_group.mmps_rs",
            "azurerm_virtual_network.mmps_net"
          ]
        }
      ]
    },
    {
      "mode": "managed",
      "type": "azurerm_virtual_network",
      "name": "mmps_net",
      "provider": "provider[\"registry.terraform.io/hashicorp/azurerm\"]",
      "instances": [
        {
          "schema_version": 0,
          "attributes": {
            "address_space": [
              "10.0.0.0/16"
            ],
            "bgp_community": "",
            "ddos_protection_plan": [],
            "dns_servers": [],
            "guid": "7ada0a9c-1507-4359-b891-633c9542ac41",
            "id": "/subscriptions/d05aaa5d-9e84-43ee-b11b-6021ec34da87/resourceGroups/mmps_rs/providers/Microsoft.Network/virtualNetworks/mmps_net",
            "location": "westus",
            "name": "mmps_net",
            "resource_group_name": "mmps_rs",
            "subnet": [
              {
                "address_prefix": "10.0.1.0/24",
                "id": "/subscriptions/d05aaa5d-9e84-43ee-b11b-6021ec34da87/resourceGroups/mmps_rs/providers/Microsoft.Network/virtualNetworks/mmps_net/subnets/mmps-sub",
                "name": "mmps-sub",
                "security_group": ""
              }
            ],
            "tags": {},
            "timeouts": null,
            "vm_protection_enabled": false
          },
          "sensitive_attributes": [],
          "private": "eyJlMmJmYjczMC1lY2FhLTExZTYtOGY4OC0zNDM2M2JjN2M0YzAiOnsiY3JlYXRlIjoxODAwMDAwMDAwMDAwLCJkZWxldGUiOjE4MDAwMDAwMDAwMDAsInJlYWQiOjMwMDAwMDAwMDAwMCwidXBkYXRlIjoxODAwMDAwMDAwMDAwfX0=",
          "dependencies": [
            "azurerm_resource_group.mmps_rs"
          ]
        }
      ]
    }
  ]
}
